// !$*UTF8*$!
{
	archiveVersion = 1;
	classes = {
	};
	objectVersion = 50;
	objects = {

/* Begin PBXBuildFile section */
		1E0F745D2448CA3E00F842B9 /* Holiday.swift in Sources */ = {isa = PBXBuildFile; fileRef = 1E0F745C2448CA3E00F842B9 /* Holiday.swift */; };
		1E0F745F2448CBB900F842B9 /* HolidayRequest.swift in Sources */ = {isa = PBXBuildFile; fileRef = 1E0F745E2448CBB900F842B9 /* HolidayRequest.swift */; };
		1E0F74622448D5E600F842B9 /* HolidayTVCell.swift in Sources */ = {isa = PBXBuildFile; fileRef = 1E0F74612448D5E600F842B9 /* HolidayTVCell.swift */; };
		1E3DAA322448C6C200D139D5 /* HolidaysTVC.swift in Sources */ = {isa = PBXBuildFile; fileRef = 1E3DAA312448C6C200D139D5 /* HolidaysTVC.swift */; };
		1E4643592449EF4600872436 /* Swift+Gif.swift in Sources */ = {isa = PBXBuildFile; fileRef = 1E4643582449EF4600872436 /* Swift+Gif.swift */; };
		1E4643622449FA3100872436 /* ShareViewController.swift in Sources */ = {isa = PBXBuildFile; fileRef = 1E4643612449FA3100872436 /* ShareViewController.swift */; };
		1E4643652449FA3100872436 /* MainInterface.storyboard in Resources */ = {isa = PBXBuildFile; fileRef = 1E4643632449FA3100872436 /* MainInterface.storyboard */; };
		1E4643692449FA3100872436 /* ShareExtension.appex in Embed App Extensions */ = {isa = PBXBuildFile; fileRef = 1E46435F2449FA3100872436 /* ShareExtension.appex */; settings = {ATTRIBUTES = (RemoveHeadersOnCopy, ); }; };
		1E65AC0C244784620080BBEF /* AppDelegate.swift in Sources */ = {isa = PBXBuildFile; fileRef = 1E65AC0B244784620080BBEF /* AppDelegate.swift */; };
		1E65AC0E244784620080BBEF /* SceneDelegate.swift in Sources */ = {isa = PBXBuildFile; fileRef = 1E65AC0D244784620080BBEF /* SceneDelegate.swift */; };
		1E65AC13244784620080BBEF /* Main.storyboard in Resources */ = {isa = PBXBuildFile; fileRef = 1E65AC11244784620080BBEF /* Main.storyboard */; };
		1E65AC15244784640080BBEF /* Assets.xcassets in Resources */ = {isa = PBXBuildFile; fileRef = 1E65AC14244784640080BBEF /* Assets.xcassets */; };
		1E65AC18244784640080BBEF /* LaunchScreen.storyboard in Resources */ = {isa = PBXBuildFile; fileRef = 1E65AC16244784640080BBEF /* LaunchScreen.storyboard */; };
		1EADB3CC244F55130042E095 /* Util.swift in Sources */ = {isa = PBXBuildFile; fileRef = 1EADB3CB244F55130042E095 /* Util.swift */; };
		1EB336D32448E0710090BB3D /* GifVC.swift in Sources */ = {isa = PBXBuildFile; fileRef = 1EB336D22448E0710090BB3D /* GifVC.swift */; };
		1EB336D52448E95C0090BB3D /* CustomShareButton.swift in Sources */ = {isa = PBXBuildFile; fileRef = 1EB336D42448E95C0090BB3D /* CustomShareButton.swift */; };
		1EB336D72448F2AB0090BB3D /* GIFRequest.swift in Sources */ = {isa = PBXBuildFile; fileRef = 1EB336D62448F2AB0090BB3D /* GIFRequest.swift */; };
		1EB336D92448F38A0090BB3D /* GIF.swift in Sources */ = {isa = PBXBuildFile; fileRef = 1EB336D82448F38A0090BB3D /* GIF.swift */; };
/* End PBXBuildFile section */

/* Begin PBXContainerItemProxy section */
		1E4643672449FA3100872436 /* PBXContainerItemProxy */ = {
			isa = PBXContainerItemProxy;
			containerPortal = 1E65AC00244784620080BBEF /* Project object */;
			proxyType = 1;
			remoteGlobalIDString = 1E46435E2449FA3100872436;
			remoteInfo = ShareExtension;
		};
/* End PBXContainerItemProxy section */

/* Begin PBXCopyFilesBuildPhase section */
		1E46436D2449FA3100872436 /* Embed App Extensions */ = {
			isa = PBXCopyFilesBuildPhase;
			buildActionMask = 2147483647;
			dstPath = "";
			dstSubfolderSpec = 13;
			files = (
				1E4643692449FA3100872436 /* ShareExtension.appex in Embed App Extensions */,
			);
			name = "Embed App Extensions";
			runOnlyForDeploymentPostprocessing = 0;
		};
/* End PBXCopyFilesBuildPhase section */

/* Begin PBXFileReference section */
		1E0F745C2448CA3E00F842B9 /* Holiday.swift */ = {isa = PBXFileReference; lastKnownFileType = sourcecode.swift; path = Holiday.swift; sourceTree = "<group>"; };
		1E0F745E2448CBB900F842B9 /* HolidayRequest.swift */ = {isa = PBXFileReference; lastKnownFileType = sourcecode.swift; path = HolidayRequest.swift; sourceTree = "<group>"; };
		1E0F74612448D5E600F842B9 /* HolidayTVCell.swift */ = {isa = PBXFileReference; lastKnownFileType = sourcecode.swift; path = HolidayTVCell.swift; sourceTree = "<group>"; };
		1E3DAA312448C6C200D139D5 /* HolidaysTVC.swift */ = {isa = PBXFileReference; lastKnownFileType = sourcecode.swift; path = HolidaysTVC.swift; sourceTree = "<group>"; };
		1E4643582449EF4600872436 /* Swift+Gif.swift */ = {isa = PBXFileReference; lastKnownFileType = sourcecode.swift; path = "Swift+Gif.swift"; sourceTree = "<group>"; };
		1E46435F2449FA3100872436 /* ShareExtension.appex */ = {isa = PBXFileReference; explicitFileType = "wrapper.app-extension"; includeInIndex = 0; path = ShareExtension.appex; sourceTree = BUILT_PRODUCTS_DIR; };
		1E4643612449FA3100872436 /* ShareViewController.swift */ = {isa = PBXFileReference; lastKnownFileType = sourcecode.swift; path = ShareViewController.swift; sourceTree = "<group>"; };
		1E4643642449FA3100872436 /* Base */ = {isa = PBXFileReference; lastKnownFileType = file.storyboard; name = Base; path = Base.lproj/MainInterface.storyboard; sourceTree = "<group>"; };
		1E4643662449FA3100872436 /* Info.plist */ = {isa = PBXFileReference; lastKnownFileType = text.plist.xml; path = Info.plist; sourceTree = "<group>"; };
		1E65AC08244784620080BBEF /* GIFDay.app */ = {isa = PBXFileReference; explicitFileType = wrapper.application; includeInIndex = 0; path = GIFDay.app; sourceTree = BUILT_PRODUCTS_DIR; };
		1E65AC0B244784620080BBEF /* AppDelegate.swift */ = {isa = PBXFileReference; lastKnownFileType = sourcecode.swift; path = AppDelegate.swift; sourceTree = "<group>"; };
		1E65AC0D244784620080BBEF /* SceneDelegate.swift */ = {isa = PBXFileReference; lastKnownFileType = sourcecode.swift; path = SceneDelegate.swift; sourceTree = "<group>"; };
		1E65AC12244784620080BBEF /* Base */ = {isa = PBXFileReference; lastKnownFileType = file.storyboard; name = Base; path = Base.lproj/Main.storyboard; sourceTree = "<group>"; };
		1E65AC14244784640080BBEF /* Assets.xcassets */ = {isa = PBXFileReference; lastKnownFileType = folder.assetcatalog; path = Assets.xcassets; sourceTree = "<group>"; };
		1E65AC17244784640080BBEF /* Base */ = {isa = PBXFileReference; lastKnownFileType = file.storyboard; name = Base; path = Base.lproj/LaunchScreen.storyboard; sourceTree = "<group>"; };
		1E65AC19244784640080BBEF /* Info.plist */ = {isa = PBXFileReference; lastKnownFileType = text.plist.xml; path = Info.plist; sourceTree = "<group>"; };
		1EADB3CB244F55130042E095 /* Util.swift */ = {isa = PBXFileReference; lastKnownFileType = sourcecode.swift; path = Util.swift; sourceTree = "<group>"; };
		1EB336D22448E0710090BB3D /* GifVC.swift */ = {isa = PBXFileReference; lastKnownFileType = sourcecode.swift; path = GifVC.swift; sourceTree = "<group>"; };
		1EB336D42448E95C0090BB3D /* CustomShareButton.swift */ = {isa = PBXFileReference; lastKnownFileType = sourcecode.swift; path = CustomShareButton.swift; sourceTree = "<group>"; };
		1EB336D62448F2AB0090BB3D /* GIFRequest.swift */ = {isa = PBXFileReference; lastKnownFileType = sourcecode.swift; path = GIFRequest.swift; sourceTree = "<group>"; };
		1EB336D82448F38A0090BB3D /* GIF.swift */ = {isa = PBXFileReference; lastKnownFileType = sourcecode.swift; path = GIF.swift; sourceTree = "<group>"; };
/* End PBXFileReference section */

/* Begin PBXFrameworksBuildPhase section */
		1E46435C2449FA3100872436 /* Frameworks */ = {
			isa = PBXFrameworksBuildPhase;
			buildActionMask = 2147483647;
			files = (
			);
			runOnlyForDeploymentPostprocessing = 0;
		};
		1E65AC05244784620080BBEF /* Frameworks */ = {
			isa = PBXFrameworksBuildPhase;
			buildActionMask = 2147483647;
			files = (
			);
			runOnlyForDeploymentPostprocessing = 0;
		};
/* End PBXFrameworksBuildPhase section */

/* Begin PBXGroup section */
		1E0F74602448D51700F842B9 /* JSON */ = {
			isa = PBXGroup;
			children = (
				1E0F745C2448CA3E00F842B9 /* Holiday.swift */,
				1E0F745E2448CBB900F842B9 /* HolidayRequest.swift */,
				1EB336D82448F38A0090BB3D /* GIF.swift */,
				1EB336D62448F2AB0090BB3D /* GIFRequest.swift */,
			);
			path = JSON;
			sourceTree = "<group>";
		};
		1E3DAA332448C6C600D139D5 /* Controller */ = {
			isa = PBXGroup;
			children = (
				1E3DAA312448C6C200D139D5 /* HolidaysTVC.swift */,
				1EB336D22448E0710090BB3D /* GifVC.swift */,
			);
			path = Controller;
			sourceTree = "<group>";
		};
		1E3DAA342448C6CE00D139D5 /* Model */ = {
			isa = PBXGroup;
			children = (
				1E65AC0B244784620080BBEF /* AppDelegate.swift */,
				1E65AC0D244784620080BBEF /* SceneDelegate.swift */,
				1E0F74612448D5E600F842B9 /* HolidayTVCell.swift */,
				1E4643582449EF4600872436 /* Swift+Gif.swift */,
			);
			path = Model;
			sourceTree = "<group>";
		};
		1E3DAA352448C6D500D139D5 /* View */ = {
			isa = PBXGroup;
			children = (
				1E65AC11244784620080BBEF /* Main.storyboard */,
				1E65AC16244784640080BBEF /* LaunchScreen.storyboard */,
				1E65AC14244784640080BBEF /* Assets.xcassets */,
				1EB336D42448E95C0090BB3D /* CustomShareButton.swift */,
			);
			path = View;
			sourceTree = "<group>";
		};
		1E4643602449FA3100872436 /* ShareExtension */ = {
			isa = PBXGroup;
			children = (
				1E4643612449FA3100872436 /* ShareViewController.swift */,
				1E4643632449FA3100872436 /* MainInterface.storyboard */,
				1E4643662449FA3100872436 /* Info.plist */,
			);
			path = ShareExtension;
			sourceTree = "<group>";
		};
		1E65ABFF244784620080BBEF = {
			isa = PBXGroup;
			children = (
				1E65AC0A244784620080BBEF /* GIFiado */,
				1E4643602449FA3100872436 /* ShareExtension */,
				1E65AC09244784620080BBEF /* Products */,
			);
			sourceTree = "<group>";
		};
		1E65AC09244784620080BBEF /* Products */ = {
			isa = PBXGroup;
			children = (
				1E65AC08244784620080BBEF /* GIFDay.app */,
				1E46435F2449FA3100872436 /* ShareExtension.appex */,
			);
			name = Products;
			sourceTree = "<group>";
		};
		1E65AC0A244784620080BBEF /* GIFiado */ = {
			isa = PBXGroup;
			children = (
				1EADB3CA244F54FF0042E095 /* Extensions */,
				1E0F74602448D51700F842B9 /* JSON */,
				1E3DAA342448C6CE00D139D5 /* Model */,
				1E3DAA352448C6D500D139D5 /* View */,
				1E3DAA332448C6C600D139D5 /* Controller */,
				1E65AC19244784640080BBEF /* Info.plist */,
			);
			path = GIFiado;
			sourceTree = "<group>";
		};
		1EADB3CA244F54FF0042E095 /* Extensions */ = {
			isa = PBXGroup;
			children = (
				1EADB3CB244F55130042E095 /* Util.swift */,
			);
			path = Extensions;
			sourceTree = "<group>";
		};
/* End PBXGroup section */

/* Begin PBXNativeTarget section */
		1E46435E2449FA3100872436 /* ShareExtension */ = {
			isa = PBXNativeTarget;
			buildConfigurationList = 1E46436A2449FA3100872436 /* Build configuration list for PBXNativeTarget "ShareExtension" */;
			buildPhases = (
				1E46435B2449FA3100872436 /* Sources */,
				1E46435C2449FA3100872436 /* Frameworks */,
				1E46435D2449FA3100872436 /* Resources */,
			);
			buildRules = (
			);
			dependencies = (
			);
			name = ShareExtension;
			productName = ShareExtension;
			productReference = 1E46435F2449FA3100872436 /* ShareExtension.appex */;
			productType = "com.apple.product-type.app-extension";
		};
		1E65AC07244784620080BBEF /* GIFiado */ = {
			isa = PBXNativeTarget;
			buildConfigurationList = 1E65AC1C244784640080BBEF /* Build configuration list for PBXNativeTarget "GIFiado" */;
			buildPhases = (
				1E65AC04244784620080BBEF /* Sources */,
				1E65AC05244784620080BBEF /* Frameworks */,
				1E65AC06244784620080BBEF /* Resources */,
				1E46436D2449FA3100872436 /* Embed App Extensions */,
			);
			buildRules = (
			);
			dependencies = (
				1E4643682449FA3100872436 /* PBXTargetDependency */,
			);
			name = GIFiado;
			productName = GIFiado;
			productReference = 1E65AC08244784620080BBEF /* GIFDay.app */;
			productType = "com.apple.product-type.application";
		};
/* End PBXNativeTarget section */

/* Begin PBXProject section */
		1E65AC00244784620080BBEF /* Project object */ = {
			isa = PBXProject;
			attributes = {
				LastSwiftUpdateCheck = 1140;
				LastUpgradeCheck = 1140;
				ORGANIZATIONNAME = "Paula Leite";
				TargetAttributes = {
					1E46435E2449FA3100872436 = {
						CreatedOnToolsVersion = 11.4;
					};
					1E65AC07244784620080BBEF = {
						CreatedOnToolsVersion = 11.4;
					};
				};
			};
			buildConfigurationList = 1E65AC03244784620080BBEF /* Build configuration list for PBXProject "GIFiado" */;
			compatibilityVersion = "Xcode 9.3";
			developmentRegion = en;
			hasScannedForEncodings = 0;
			knownRegions = (
				en,
				Base,
			);
			mainGroup = 1E65ABFF244784620080BBEF;
			productRefGroup = 1E65AC09244784620080BBEF /* Products */;
			projectDirPath = "";
			projectRoot = "";
			targets = (
				1E65AC07244784620080BBEF /* GIFiado */,
				1E46435E2449FA3100872436 /* ShareExtension */,
			);
		};
/* End PBXProject section */

/* Begin PBXResourcesBuildPhase section */
		1E46435D2449FA3100872436 /* Resources */ = {
			isa = PBXResourcesBuildPhase;
			buildActionMask = 2147483647;
			files = (
				1E4643652449FA3100872436 /* MainInterface.storyboard in Resources */,
			);
			runOnlyForDeploymentPostprocessing = 0;
		};
		1E65AC06244784620080BBEF /* Resources */ = {
			isa = PBXResourcesBuildPhase;
			buildActionMask = 2147483647;
			files = (
				1E65AC18244784640080BBEF /* LaunchScreen.storyboard in Resources */,
				1E65AC15244784640080BBEF /* Assets.xcassets in Resources */,
				1E65AC13244784620080BBEF /* Main.storyboard in Resources */,
			);
			runOnlyForDeploymentPostprocessing = 0;
		};
/* End PBXResourcesBuildPhase section */

/* Begin PBXSourcesBuildPhase section */
		1E46435B2449FA3100872436 /* Sources */ = {
			isa = PBXSourcesBuildPhase;
			buildActionMask = 2147483647;
			files = (
				1E4643622449FA3100872436 /* ShareViewController.swift in Sources */,
			);
			runOnlyForDeploymentPostprocessing = 0;
		};
		1E65AC04244784620080BBEF /* Sources */ = {
			isa = PBXSourcesBuildPhase;
			buildActionMask = 2147483647;
			files = (
				1EB336D92448F38A0090BB3D /* GIF.swift in Sources */,
				1E0F74622448D5E600F842B9 /* HolidayTVCell.swift in Sources */,
				1EB336D32448E0710090BB3D /* GifVC.swift in Sources */,
				1E65AC0C244784620080BBEF /* AppDelegate.swift in Sources */,
				1E0F745F2448CBB900F842B9 /* HolidayRequest.swift in Sources */,
				1EB336D52448E95C0090BB3D /* CustomShareButton.swift in Sources */,
				1E3DAA322448C6C200D139D5 /* HolidaysTVC.swift in Sources */,
				1EADB3CC244F55130042E095 /* Util.swift in Sources */,
				1EB336D72448F2AB0090BB3D /* GIFRequest.swift in Sources */,
				1E4643592449EF4600872436 /* Swift+Gif.swift in Sources */,
				1E0F745D2448CA3E00F842B9 /* Holiday.swift in Sources */,
				1E65AC0E244784620080BBEF /* SceneDelegate.swift in Sources */,
			);
			runOnlyForDeploymentPostprocessing = 0;
		};
/* End PBXSourcesBuildPhase section */

/* Begin PBXTargetDependency section */
		1E4643682449FA3100872436 /* PBXTargetDependency */ = {
			isa = PBXTargetDependency;
			target = 1E46435E2449FA3100872436 /* ShareExtension */;
			targetProxy = 1E4643672449FA3100872436 /* PBXContainerItemProxy */;
		};
/* End PBXTargetDependency section */

/* Begin PBXVariantGroup section */
		1E4643632449FA3100872436 /* MainInterface.storyboard */ = {
			isa = PBXVariantGroup;
			children = (
				1E4643642449FA3100872436 /* Base */,
			);
			name = MainInterface.storyboard;
			sourceTree = "<group>";
		};
		1E65AC11244784620080BBEF /* Main.storyboard */ = {
			isa = PBXVariantGroup;
			children = (
				1E65AC12244784620080BBEF /* Base */,
			);
			name = Main.storyboard;
			sourceTree = "<group>";
		};
		1E65AC16244784640080BBEF /* LaunchScreen.storyboard */ = {
			isa = PBXVariantGroup;
			children = (
				1E65AC17244784640080BBEF /* Base */,
			);
			name = LaunchScreen.storyboard;
			sourceTree = "<group>";
		};
/* End PBXVariantGroup section */

/* Begin XCBuildConfiguration section */
		1E46436B2449FA3100872436 /* Debug */ = {
			isa = XCBuildConfiguration;
			buildSettings = {
				CODE_SIGN_STYLE = Automatic;
				DEVELOPMENT_TEAM = X54K5PJVGU;
				INFOPLIST_FILE = ShareExtension/Info.plist;
				LD_RUNPATH_SEARCH_PATHS = (
					"$(inherited)",
					"@executable_path/Frameworks",
					"@executable_path/../../Frameworks",
				);
				PRODUCT_BUNDLE_IDENTIFIER = ptl.GIFiado.ShareExtension;
				PRODUCT_NAME = "$(TARGET_NAME)";
				SKIP_INSTALL = YES;
				SWIFT_VERSION = 5.0;
				TARGETED_DEVICE_FAMILY = "1,2";
			};
			name = Debug;
		};
		1E46436C2449FA3100872436 /* Release */ = {
			isa = XCBuildConfiguration;
			buildSettings = {
				CODE_SIGN_STYLE = Automatic;
				DEVELOPMENT_TEAM = X54K5PJVGU;
				INFOPLIST_FILE = ShareExtension/Info.plist;
				LD_RUNPATH_SEARCH_PATHS = (
					"$(inherited)",
					"@executable_path/Frameworks",
					"@executable_path/../../Frameworks",
				);
				PRODUCT_BUNDLE_IDENTIFIER = ptl.GIFiado.ShareExtension;
				PRODUCT_NAME = "$(TARGET_NAME)";
				SKIP_INSTALL = YES;
				SWIFT_VERSION = 5.0;
				TARGETED_DEVICE_FAMILY = "1,2";
			};
			name = Release;
		};
		1E65AC1A244784640080BBEF /* Debug */ = {
			isa = XCBuildConfiguration;
			buildSettings = {
				ALWAYS_SEARCH_USER_PATHS = NO;
				CLANG_ANALYZER_NONNULL = YES;
				CLANG_ANALYZER_NUMBER_OBJECT_CONVERSION = YES_AGGRESSIVE;
				CLANG_CXX_LANGUAGE_STANDARD = "gnu++14";
				CLANG_CXX_LIBRARY = "libc++";
				CLANG_ENABLE_MODULES = YES;
				CLANG_ENABLE_OBJC_ARC = YES;
				CLANG_ENABLE_OBJC_WEAK = YES;
				CLANG_WARN_BLOCK_CAPTURE_AUTORELEASING = YES;
				CLANG_WARN_BOOL_CONVERSION = YES;
				CLANG_WARN_COMMA = YES;
				CLANG_WARN_CONSTANT_CONVERSION = YES;
				CLANG_WARN_DEPRECATED_OBJC_IMPLEMENTATIONS = YES;
				CLANG_WARN_DIRECT_OBJC_ISA_USAGE = YES_ERROR;
				CLANG_WARN_DOCUMENTATION_COMMENTS = YES;
				CLANG_WARN_EMPTY_BODY = YES;
				CLANG_WARN_ENUM_CONVERSION = YES;
				CLANG_WARN_INFINITE_RECURSION = YES;
				CLANG_WARN_INT_CONVERSION = YES;
				CLANG_WARN_NON_LITERAL_NULL_CONVERSION = YES;
				CLANG_WARN_OBJC_IMPLICIT_RETAIN_SELF = YES;
				CLANG_WARN_OBJC_LITERAL_CONVERSION = YES;
				CLANG_WARN_OBJC_ROOT_CLASS = YES_ERROR;
				CLANG_WARN_RANGE_LOOP_ANALYSIS = YES;
				CLANG_WARN_STRICT_PROTOTYPES = YES;
				CLANG_WARN_SUSPICIOUS_MOVE = YES;
				CLANG_WARN_UNGUARDED_AVAILABILITY = YES_AGGRESSIVE;
				CLANG_WARN_UNREACHABLE_CODE = YES;
				CLANG_WARN__DUPLICATE_METHOD_MATCH = YES;
				COPY_PHASE_STRIP = NO;
				DEBUG_INFORMATION_FORMAT = dwarf;
				ENABLE_STRICT_OBJC_MSGSEND = YES;
				ENABLE_TESTABILITY = YES;
				GCC_C_LANGUAGE_STANDARD = gnu11;
				GCC_DYNAMIC_NO_PIC = NO;
				GCC_NO_COMMON_BLOCKS = YES;
				GCC_OPTIMIZATION_LEVEL = 0;
				GCC_PREPROCESSOR_DEFINITIONS = (
					"DEBUG=1",
					"$(inherited)",
				);
				GCC_WARN_64_TO_32_BIT_CONVERSION = YES;
				GCC_WARN_ABOUT_RETURN_TYPE = YES_ERROR;
				GCC_WARN_UNDECLARED_SELECTOR = YES;
				GCC_WARN_UNINITIALIZED_AUTOS = YES_AGGRESSIVE;
				GCC_WARN_UNUSED_FUNCTION = YES;
				GCC_WARN_UNUSED_VARIABLE = YES;
				IPHONEOS_DEPLOYMENT_TARGET = 13.4;
				MTL_ENABLE_DEBUG_INFO = INCLUDE_SOURCE;
				MTL_FAST_MATH = YES;
				ONLY_ACTIVE_ARCH = YES;
				SDKROOT = iphoneos;
				SWIFT_ACTIVE_COMPILATION_CONDITIONS = DEBUG;
				SWIFT_OPTIMIZATION_LEVEL = "-Onone";
			};
			name = Debug;
		};
		1E65AC1B244784640080BBEF /* Release */ = {
			isa = XCBuildConfiguration;
			buildSettings = {
				ALWAYS_SEARCH_USER_PATHS = NO;
				CLANG_ANALYZER_NONNULL = YES;
				CLANG_ANALYZER_NUMBER_OBJECT_CONVERSION = YES_AGGRESSIVE;
				CLANG_CXX_LANGUAGE_STANDARD = "gnu++14";
				CLANG_CXX_LIBRARY = "libc++";
				CLANG_ENABLE_MODULES = YES;
				CLANG_ENABLE_OBJC_ARC = YES;
				CLANG_ENABLE_OBJC_WEAK = YES;
				CLANG_WARN_BLOCK_CAPTURE_AUTORELEASING = YES;
				CLANG_WARN_BOOL_CONVERSION = YES;
				CLANG_WARN_COMMA = YES;
				CLANG_WARN_CONSTANT_CONVERSION = YES;
				CLANG_WARN_DEPRECATED_OBJC_IMPLEMENTATIONS = YES;
				CLANG_WARN_DIRECT_OBJC_ISA_USAGE = YES_ERROR;
				CLANG_WARN_DOCUMENTATION_COMMENTS = YES;
				CLANG_WARN_EMPTY_BODY = YES;
				CLANG_WARN_ENUM_CONVERSION = YES;
				CLANG_WARN_INFINITE_RECURSION = YES;
				CLANG_WARN_INT_CONVERSION = YES;
				CLANG_WARN_NON_LITERAL_NULL_CONVERSION = YES;
				CLANG_WARN_OBJC_IMPLICIT_RETAIN_SELF = YES;
				CLANG_WARN_OBJC_LITERAL_CONVERSION = YES;
				CLANG_WARN_OBJC_ROOT_CLASS = YES_ERROR;
				CLANG_WARN_RANGE_LOOP_ANALYSIS = YES;
				CLANG_WARN_STRICT_PROTOTYPES = YES;
				CLANG_WARN_SUSPICIOUS_MOVE = YES;
				CLANG_WARN_UNGUARDED_AVAILABILITY = YES_AGGRESSIVE;
				CLANG_WARN_UNREACHABLE_CODE = YES;
				CLANG_WARN__DUPLICATE_METHOD_MATCH = YES;
				COPY_PHASE_STRIP = NO;
				DEBUG_INFORMATION_FORMAT = "dwarf-with-dsym";
				ENABLE_NS_ASSERTIONS = NO;
				ENABLE_STRICT_OBJC_MSGSEND = YES;
				GCC_C_LANGUAGE_STANDARD = gnu11;
				GCC_NO_COMMON_BLOCKS = YES;
				GCC_WARN_64_TO_32_BIT_CONVERSION = YES;
				GCC_WARN_ABOUT_RETURN_TYPE = YES_ERROR;
				GCC_WARN_UNDECLARED_SELECTOR = YES;
				GCC_WARN_UNINITIALIZED_AUTOS = YES_AGGRESSIVE;
				GCC_WARN_UNUSED_FUNCTION = YES;
				GCC_WARN_UNUSED_VARIABLE = YES;
				IPHONEOS_DEPLOYMENT_TARGET = 13.4;
				MTL_ENABLE_DEBUG_INFO = NO;
				MTL_FAST_MATH = YES;
				SDKROOT = iphoneos;
				SWIFT_COMPILATION_MODE = wholemodule;
				SWIFT_OPTIMIZATION_LEVEL = "-O";
				VALIDATE_PRODUCT = YES;
			};
			name = Release;
		};
		1E65AC1D244784640080BBEF /* Debug */ = {
			isa = XCBuildConfiguration;
			buildSettings = {
				ALWAYS_EMBED_SWIFT_STANDARD_LIBRARIES = YES;
				ASSETCATALOG_COMPILER_APPICON_NAME = AppIcon;
				CODE_SIGN_STYLE = Automatic;
				DEVELOPMENT_TEAM = X54K5PJVGU;
				INFOPLIST_FILE = GIFiado/Info.plist;
				LD_RUNPATH_SEARCH_PATHS = (
					"$(inherited)",
					"@executable_path/Frameworks",
				);
				PRODUCT_BUNDLE_IDENTIFIER = ptl.GIFiado;
				PRODUCT_NAME = GIFDay;
				SWIFT_VERSION = 5.0;
				TARGETED_DEVICE_FAMILY = 1;
			};
			name = Debug;
		};
		1E65AC1E244784640080BBEF /* Release */ = {
			isa = XCBuildConfiguration;
			buildSettings = {
				ALWAYS_EMBED_SWIFT_STANDARD_LIBRARIES = YES;
				ASSETCATALOG_COMPILER_APPICON_NAME = AppIcon;
				CODE_SIGN_STYLE = Automatic;
				DEVELOPMENT_TEAM = X54K5PJVGU;
				INFOPLIST_FILE = GIFiado/Info.plist;
				LD_RUNPATH_SEARCH_PATHS = (
					"$(inherited)",
					"@executable_path/Frameworks",
				);
				PRODUCT_BUNDLE_IDENTIFIER = ptl.GIFiado;
				PRODUCT_NAME = GIFDay;
				SWIFT_VERSION = 5.0;
				TARGETED_DEVICE_FAMILY = 1;
			};
			name = Release;
		};
/* End XCBuildConfiguration section */

/* Begin XCConfigurationList section */
		1E46436A2449FA3100872436 /* Build configuration list for PBXNativeTarget "ShareExtension" */ = {
			isa = XCConfigurationList;
			buildConfigurations = (
				1E46436B2449FA3100872436 /* Debug */,
				1E46436C2449FA3100872436 /* Release */,
			);
			defaultConfigurationIsVisible = 0;
			defaultConfigurationName = Release;
		};
		1E65AC03244784620080BBEF /* Build configuration list for PBXProject "GIFiado" */ = {
			isa = XCConfigurationList;
			buildConfigurations = (
				1E65AC1A244784640080BBEF /* Debug */,
				1E65AC1B244784640080BBEF /* Release */,
			);
			defaultConfigurationIsVisible = 0;
			defaultConfigurationName = Release;
		};
		1E65AC1C244784640080BBEF /* Build configuration list for PBXNativeTarget "GIFiado" */ = {
			isa = XCConfigurationList;
			buildConfigurations = (
				1E65AC1D244784640080BBEF /* Debug */,
				1E65AC1E244784640080BBEF /* Release */,
			);
			defaultConfigurationIsVisible = 0;
			defaultConfigurationName = Release;
		};
/* End XCConfigurationList section */
	};
	rootObject = 1E65AC00244784620080BBEF /* Project object */;
}
